{
  "name": "propertycross-onsenui2-implementation",
  "version": "4.0.2",
  "dependencies": {
    "acorn": {
      "version": "1.2.2",
      "from": "acorn@>=1.0.3 <2.0.0",
      "resolved": "https://registry.npmjs.org/acorn/-/acorn-1.2.2.tgz"
    },
    "amdefine": {
      "version": "1.0.0",
      "from": "amdefine@>=0.0.4",
      "resolved": "https://registry.npmjs.org/amdefine/-/amdefine-1.0.0.tgz"
    },
    "angular": {
      "version": "1.5.6",
      "from": "angular@latest",
      "resolved": "https://registry.npmjs.org/angular/-/angular-1.5.6.tgz"
    },
    "ast-types": {
      "version": "0.8.15",
      "from": "ast-types@0.8.15",
      "resolved": "https://registry.npmjs.org/ast-types/-/ast-types-0.8.15.tgz"
    },
    "base62": {
      "version": "0.1.1",
      "from": "base62@0.1.1",
      "resolved": "https://registry.npmjs.org/base62/-/base62-0.1.1.tgz"
    },
    "core-util-is": {
      "version": "1.0.2",
      "from": "core-util-is@>=1.0.0 <1.1.0",
      "resolved": "https://registry.npmjs.org/core-util-is/-/core-util-is-1.0.2.tgz"
    },
    "es3ify": {
      "version": "0.1.4",
      "from": "es3ify@>=0.1.3 <0.2.0",
      "resolved": "https://registry.npmjs.org/es3ify/-/es3ify-0.1.4.tgz"
    },
    "esmangle-evaluator": {
      "version": "1.0.1",
      "from": "esmangle-evaluator@>=1.0.0 <2.0.0",
      "resolved": "https://registry.npmjs.org/esmangle-evaluator/-/esmangle-evaluator-1.0.1.tgz"
    },
    "esprima-fb": {
      "version": "3001.1.0-dev-harmony-fb",
      "from": "esprima-fb@>=3001.1.0-dev-harmony-fb <3001.2.0",
      "resolved": "https://registry.npmjs.org/esprima-fb/-/esprima-fb-3001.0001.0000-dev-harmony-fb.tgz"
    },
    "falafel": {
      "version": "1.2.0",
      "from": "falafel@>=1.0.1 <2.0.0",
      "resolved": "https://registry.npmjs.org/falafel/-/falafel-1.2.0.tgz"
    },
    "foreach": {
      "version": "2.0.5",
      "from": "foreach@>=2.0.5 <3.0.0",
      "resolved": "https://registry.npmjs.org/foreach/-/foreach-2.0.5.tgz"
    },
    "immediate": {
      "version": "3.0.5",
      "from": "immediate@>=3.0.5 <3.1.0",
      "resolved": "https://registry.npmjs.org/immediate/-/immediate-3.0.5.tgz"
    },
    "inherits": {
      "version": "2.0.1",
      "from": "inherits@>=2.0.1 <2.1.0",
      "resolved": "https://registry.npmjs.org/inherits/-/inherits-2.0.1.tgz"
    },
    "inline-process-browser": {
      "version": "1.0.0",
      "from": "inline-process-browser@>=1.0.0 <2.0.0",
      "resolved": "https://registry.npmjs.org/inline-process-browser/-/inline-process-browser-1.0.0.tgz"
    },
    "isarray": {
      "version": "0.0.1",
      "from": "isarray@0.0.1",
      "resolved": "https://registry.npmjs.org/isarray/-/isarray-0.0.1.tgz"
    },
    "jstransform": {
      "version": "3.0.0",
      "from": "jstransform@>=3.0.0 <3.1.0",
      "resolved": "https://registry.npmjs.org/jstransform/-/jstransform-3.0.0.tgz"
    },
    "lie": {
      "version": "3.0.2",
      "from": "lie@3.0.2",
      "resolved": "https://registry.npmjs.org/lie/-/lie-3.0.2.tgz"
    },
    "localforage": {
      "version": "1.4.2",
      "from": "localforage@latest",
      "resolved": "https://registry.npmjs.org/localforage/-/localforage-1.4.2.tgz"
    },
    "lodash": {
      "version": "4.13.1",
      "from": "lodash@latest",
      "resolved": "https://registry.npmjs.org/lodash/-/lodash-4.13.1.tgz"
    },
    "object-keys": {
      "version": "1.0.9",
      "from": "object-keys@>=1.0.6 <2.0.0",
      "resolved": "https://registry.npmjs.org/object-keys/-/object-keys-1.0.9.tgz"
    },
    "onsenui": {
      "version": "2.0.0-rc.10",
      "from": "onsenui@latest",
      "resolved": "https://registry.npmjs.org/onsenui/-/onsenui-2.0.0-rc.10.tgz"
    },
    "private": {
      "version": "0.1.6",
      "from": "private@>=0.1.5 <0.2.0",
      "resolved": "https://registry.npmjs.org/private/-/private-0.1.6.tgz"
    },
    "readable-stream": {
      "version": "1.0.34",
      "from": "readable-stream@>=1.0.33-1 <1.1.0-0",
      "resolved": "https://registry.npmjs.org/readable-stream/-/readable-stream-1.0.34.tgz"
    },
    "recast": {
      "version": "0.10.43",
      "from": "recast@>=0.10.1 <0.11.0",
      "resolved": "https://registry.npmjs.org/recast/-/recast-0.10.43.tgz",
      "dependencies": {
        "esprima-fb": {
          "version": "15001.1001.0-dev-harmony-fb",
          "from": "esprima-fb@>=15001.1001.0-dev-harmony-fb <15001.1002.0",
          "resolved": "https://registry.npmjs.org/esprima-fb/-/esprima-fb-15001.1001.0-dev-harmony-fb.tgz"
        },
        "source-map": {
          "version": "0.5.6",
          "from": "source-map@>=0.5.0 <0.6.0",
          "resolved": "https://registry.npmjs.org/source-map/-/source-map-0.5.6.tgz"
        }
      }
    },
    "source-map": {
      "version": "0.1.31",
      "from": "source-map@0.1.31",
      "resolved": "https://registry.npmjs.org/source-map/-/source-map-0.1.31.tgz"
    },
    "string_decoder": {
      "version": "0.10.31",
      "from": "string_decoder@>=0.10.0 <0.11.0",
      "resolved": "https://registry.npmjs.org/string_decoder/-/string_decoder-0.10.31.tgz"
    },
    "through": {
      "version": "2.3.8",
      "from": "through@>=2.3.4 <2.4.0",
      "resolved": "https://registry.npmjs.org/through/-/through-2.3.8.tgz"
    },
    "through2": {
      "version": "0.6.5",
      "from": "through2@>=0.6.5 <0.7.0",
      "resolved": "https://registry.npmjs.org/through2/-/through2-0.6.5.tgz"
    },
    "unreachable-branch-transform": {
      "version": "0.3.0",
      "from": "unreachable-branch-transform@>=0.3.0 <0.4.0",
      "resolved": "https://registry.npmjs.org/unreachable-branch-transform/-/unreachable-branch-transform-0.3.0.tgz"
    },
    "xtend": {
      "version": "4.0.1",
      "from": "xtend@>=4.0.0 <4.1.0-0",
      "resolved": "https://registry.npmjs.org/xtend/-/xtend-4.0.1.tgz"
    }
  }
}
